// !$*UTF8*$!
{
	archiveVersion = 1;
	classes = {
	};
	objectVersion = 56;
	objects = {

/* Begin PBXBuildFile section */
		3B497C5E2A79B0EE008DB50E /* STEM_PlaygroundApp.swift in Sources */ = {isa = PBXBuildFile; fileRef = 3B497C5D2A79B0EE008DB50E /* STEM_PlaygroundApp.swift */; };
		3B497C602A79B0EE008DB50E /* ContentView.swift in Sources */ = {isa = PBXBuildFile; fileRef = 3B497C5F2A79B0EE008DB50E /* ContentView.swift */; };
		3B497C622A79B0F1008DB50E /* Assets.xcassets in Resources */ = {isa = PBXBuildFile; fileRef = 3B497C612A79B0F1008DB50E /* Assets.xcassets */; };
		3B497C652A79B0F1008DB50E /* Preview Assets.xcassets in Resources */ = {isa = PBXBuildFile; fileRef = 3B497C642A79B0F1008DB50E /* Preview Assets.xcassets */; };
		3B497C6E2A7AC666008DB50E /* DIYhomepage.swift in Sources */ = {isa = PBXBuildFile; fileRef = 3B497C6D2A7AC666008DB50E /* DIYhomepage.swift */; };
		3B497C8F2A7C1BDD008DB50E /* Lab.swift in Sources */ = {isa = PBXBuildFile; fileRef = 3B497C8E2A7C1BDD008DB50E /* Lab.swift */; };
		3B497C912A7C2318008DB50E /* City.swift in Sources */ = {isa = PBXBuildFile; fileRef = 3B497C902A7C2318008DB50E /* City.swift */; };
		897859882A7AFCA20017BAEA /* Bryndan Write Book.ttf in Resources */ = {isa = PBXBuildFile; fileRef = 897859872A7AFCA20017BAEA /* Bryndan Write Book.ttf */; };
		8978598C2A7AFEF00017BAEA /* gbsans.otf in Resources */ = {isa = PBXBuildFile; fileRef = 8978598B2A7AFEF00017BAEA /* gbsans.otf */; };
		B04EEE052A7C418900D98301 /* lavalamp.swift in Sources */ = {isa = PBXBuildFile; fileRef = B04EEE042A7C418900D98301 /* lavalamp.swift */; };
		B04EEE072A7C43A200D98301 /* lavalamp1.swift in Sources */ = {isa = PBXBuildFile; fileRef = B04EEE062A7C43A200D98301 /* lavalamp1.swift */; };
		B0737BCF2A7D4D8B00424AD4 /* lavalamp2.swift in Sources */ = {isa = PBXBuildFile; fileRef = B0737BCE2A7D4D8B00424AD4 /* lavalamp2.swift */; };
		B0737BD12A7D4F5900424AD4 /* lavalamp3.swift in Sources */ = {isa = PBXBuildFile; fileRef = B0737BD02A7D4F5800424AD4 /* lavalamp3.swift */; };
		B0737BD52A7D509800424AD4 /* lavalamp4.swift in Sources */ = {isa = PBXBuildFile; fileRef = B0737BD42A7D509800424AD4 /* lavalamp4.swift */; };
		B0737BD72A7D516B00424AD4 /* lavalamp5.swift in Sources */ = {isa = PBXBuildFile; fileRef = B0737BD62A7D516B00424AD4 /* lavalamp5.swift */; };
/* End PBXBuildFile section */

/* Begin PBXFileReference section */
		3B497C5A2A79B0EE008DB50E /* STEM Playground.app */ = {isa = PBXFileReference; explicitFileType = wrapper.application; includeInIndex = 0; path = "STEM Playground.app"; sourceTree = BUILT_PRODUCTS_DIR; };
		3B497C5D2A79B0EE008DB50E /* STEM_PlaygroundApp.swift */ = {isa = PBXFileReference; lastKnownFileType = sourcecode.swift; path = STEM_PlaygroundApp.swift; sourceTree = "<group>"; };
		3B497C5F2A79B0EE008DB50E /* ContentView.swift */ = {isa = PBXFileReference; lastKnownFileType = sourcecode.swift; path = ContentView.swift; sourceTree = "<group>"; };
		3B497C612A79B0F1008DB50E /* Assets.xcassets */ = {isa = PBXFileReference; lastKnownFileType = folder.assetcatalog; path = Assets.xcassets; sourceTree = "<group>"; };
		3B497C642A79B0F1008DB50E /* Preview Assets.xcassets */ = {isa = PBXFileReference; lastKnownFileType = folder.assetcatalog; path = "Preview Assets.xcassets"; sourceTree = "<group>"; };
		3B497C6D2A7AC666008DB50E /* DIYhomepage.swift */ = {isa = PBXFileReference; lastKnownFileType = sourcecode.swift; path = DIYhomepage.swift; sourceTree = "<group>"; };
		3B497C772A7AEA4B008DB50E /* STEM-Playground-Info.plist */ = {isa = PBXFileReference; lastKnownFileType = text.plist; path = "STEM-Playground-Info.plist"; sourceTree = SOURCE_ROOT; };
		3B497C8E2A7C1BDD008DB50E /* Lab.swift */ = {isa = PBXFileReference; lastKnownFileType = sourcecode.swift; path = Lab.swift; sourceTree = "<group>"; };
		3B497C902A7C2318008DB50E /* City.swift */ = {isa = PBXFileReference; lastKnownFileType = sourcecode.swift; path = City.swift; sourceTree = "<group>"; };
		897859872A7AFCA20017BAEA /* Bryndan Write Book.ttf */ = {isa = PBXFileReference; lastKnownFileType = file; path = "Bryndan Write Book.ttf"; sourceTree = "<group>"; };
		8978598B2A7AFEF00017BAEA /* gbsans.otf */ = {isa = PBXFileReference; lastKnownFileType = file; path = gbsans.otf; sourceTree = "<group>"; };
		B04EEE042A7C418900D98301 /* lavalamp.swift */ = {isa = PBXFileReference; lastKnownFileType = sourcecode.swift; path = lavalamp.swift; sourceTree = "<group>"; };
		B04EEE062A7C43A200D98301 /* lavalamp1.swift */ = {isa = PBXFileReference; lastKnownFileType = sourcecode.swift; path = lavalamp1.swift; sourceTree = "<group>"; };
		B0737BCE2A7D4D8B00424AD4 /* lavalamp2.swift */ = {isa = PBXFileReference; lastKnownFileType = sourcecode.swift; path = lavalamp2.swift; sourceTree = "<group>"; };
		B0737BD02A7D4F5800424AD4 /* lavalamp3.swift */ = {isa = PBXFileReference; lastKnownFileType = sourcecode.swift; path = lavalamp3.swift; sourceTree = "<group>"; };
		B0737BD42A7D509800424AD4 /* lavalamp4.swift */ = {isa = PBXFileReference; lastKnownFileType = sourcecode.swift; path = lavalamp4.swift; sourceTree = "<group>"; };
		B0737BD62A7D516B00424AD4 /* lavalamp5.swift */ = {isa = PBXFileReference; lastKnownFileType = sourcecode.swift; path = lavalamp5.swift; sourceTree = "<group>"; };
/* End PBXFileReference section */

/* Begin PBXFrameworksBuildPhase section */
		3B497C572A79B0EE008DB50E /* Frameworks */ = {
			isa = PBXFrameworksBuildPhase;
			buildActionMask = 2147483647;
			files = (
			);
			runOnlyForDeploymentPostprocessing = 0;
		};
/* End PBXFrameworksBuildPhase section */

/* Begin PBXGroup section */
		3B497C512A79B0EE008DB50E = {
			isa = PBXGroup;
			children = (
				3B497C5C2A79B0EE008DB50E /* STEM Playground */,
				3B497C5B2A79B0EE008DB50E /* Products */,
			);
			sourceTree = "<group>";
		};
		3B497C5B2A79B0EE008DB50E /* Products */ = {
			isa = PBXGroup;
			children = (
				3B497C5A2A79B0EE008DB50E /* STEM Playground.app */,
			);
			name = Products;
			sourceTree = "<group>";
		};
		3B497C5C2A79B0EE008DB50E /* STEM Playground */ = {
			isa = PBXGroup;
			children = (
				B04EEE042A7C418900D98301 /* lavalamp.swift */,
				B04EEE062A7C43A200D98301 /* lavalamp1.swift */,
				B0737BCE2A7D4D8B00424AD4 /* lavalamp2.swift */,
				B0737BD02A7D4F5800424AD4 /* lavalamp3.swift */,
				B0737BD42A7D509800424AD4 /* lavalamp4.swift */,
				B0737BD62A7D516B00424AD4 /* lavalamp5.swift */,
				3B497C772A7AEA4B008DB50E /* STEM-Playground-Info.plist */,
				3B497C5D2A79B0EE008DB50E /* STEM_PlaygroundApp.swift */,
				3B497C5F2A79B0EE008DB50E /* ContentView.swift */,
				3B497C6D2A7AC666008DB50E /* DIYhomepage.swift */,
				3B497C8E2A7C1BDD008DB50E /* Lab.swift */,
				3B497C902A7C2318008DB50E /* City.swift */,
				897859872A7AFCA20017BAEA /* Bryndan Write Book.ttf */,
				8978598B2A7AFEF00017BAEA /* gbsans.otf */,
				3B497C612A79B0F1008DB50E /* Assets.xcassets */,
				3B497C632A79B0F1008DB50E /* Preview Content */,
			);
			path = "STEM Playground";
			sourceTree = "<group>";
		};
		3B497C632A79B0F1008DB50E /* Preview Content */ = {
			isa = PBXGroup;
			children = (
				3B497C642A79B0F1008DB50E /* Preview Assets.xcassets */,
			);
			path = "Preview Content";
			sourceTree = "<group>";
		};
/* End PBXGroup section */

/* Begin PBXNativeTarget section */
		3B497C592A79B0EE008DB50E /* STEM Playground */ = {
			isa = PBXNativeTarget;
			buildConfigurationList = 3B497C682A79B0F1008DB50E /* Build configuration list for PBXNativeTarget "STEM Playground" */;
			buildPhases = (
				3B497C562A79B0EE008DB50E /* Sources */,
				3B497C572A79B0EE008DB50E /* Frameworks */,
				3B497C582A79B0EE008DB50E /* Resources */,
			);
			buildRules = (
			);
			dependencies = (
			);
			name = "STEM Playground";
			productName = "STEM Playground";
			productReference = 3B497C5A2A79B0EE008DB50E /* STEM Playground.app */;
			productType = "com.apple.product-type.application";
		};
/* End PBXNativeTarget section */

/* Begin PBXProject section */
		3B497C522A79B0EE008DB50E /* Project object */ = {
			isa = PBXProject;
			attributes = {
				BuildIndependentTargetsInParallel = 1;
				LastSwiftUpdateCheck = 1430;
				LastUpgradeCheck = 1430;
				TargetAttributes = {
					3B497C592A79B0EE008DB50E = {
						CreatedOnToolsVersion = 14.3.1;
					};
				};
			};
			buildConfigurationList = 3B497C552A79B0EE008DB50E /* Build configuration list for PBXProject "STEM Playground" */;
			compatibilityVersion = "Xcode 14.0";
			developmentRegion = en;
			hasScannedForEncodings = 0;
			knownRegions = (
				en,
				Base,
			);
			mainGroup = 3B497C512A79B0EE008DB50E;
			productRefGroup = 3B497C5B2A79B0EE008DB50E /* Products */;
			projectDirPath = "";
			projectRoot = "";
			targets = (
				3B497C592A79B0EE008DB50E /* STEM Playground */,
			);
		};
/* End PBXProject section */

/* Begin PBXResourcesBuildPhase section */
		3B497C582A79B0EE008DB50E /* Resources */ = {
			isa = PBXResourcesBuildPhase;
			buildActionMask = 2147483647;
			files = (
				897859882A7AFCA20017BAEA /* Bryndan Write Book.ttf in Resources */,
				3B497C652A79B0F1008DB50E /* Preview Assets.xcassets in Resources */,
				3B497C622A79B0F1008DB50E /* Assets.xcassets in Resources */,
				8978598C2A7AFEF00017BAEA /* gbsans.otf in Resources */,
			);
			runOnlyForDeploymentPostprocessing = 0;
		};
/* End PBXResourcesBuildPhase section */

/* Begin PBXSourcesBuildPhase section */
		3B497C562A79B0EE008DB50E /* Sources */ = {
			isa = PBXSourcesBuildPhase;
			buildActionMask = 2147483647;
			files = (
				3B497C602A79B0EE008DB50E /* ContentView.swift in Sources */,
				B04EEE072A7C43A200D98301 /* lavalamp1.swift in Sources */,
				B0737BCF2A7D4D8B00424AD4 /* lavalamp2.swift in Sources */,
				B0737BD12A7D4F5900424AD4 /* lavalamp3.swift in Sources */,
				B04EEE052A7C418900D98301 /* lavalamp.swift in Sources */,
				3B497C912A7C2318008DB50E /* City.swift in Sources */,
				B0737BD52A7D509800424AD4 /* lavalamp4.swift in Sources */,
				3B497C6E2A7AC666008DB50E /* DIYhomepage.swift in Sources */,
				3B497C5E2A79B0EE008DB50E /* STEM_PlaygroundApp.swift in Sources */,
				B0737BD72A7D516B00424AD4 /* lavalamp5.swift in Sources */,
				3B497C8F2A7C1BDD008DB50E /* Lab.swift in Sources */,
			);
			runOnlyForDeploymentPostprocessing = 0;
		};
/* End PBXSourcesBuildPhase section */

/* Begin XCBuildConfiguration section */
		3B497C662A79B0F1008DB50E /* Debug */ = {
			isa = XCBuildConfiguration;
			buildSettings = {
				ALWAYS_SEARCH_USER_PATHS = NO;
				CLANG_ANALYZER_NONNULL = YES;
				CLANG_ANALYZER_NUMBER_OBJECT_CONVERSION = YES_AGGRESSIVE;
				CLANG_CXX_LANGUAGE_STANDARD = "gnu++20";
				CLANG_ENABLE_MODULES = YES;
				CLANG_ENABLE_OBJC_ARC = YES;
				CLANG_ENABLE_OBJC_WEAK = YES;
				CLANG_WARN_BLOCK_CAPTURE_AUTORELEASING = YES;
				CLANG_WARN_BOOL_CONVERSION = YES;
				CLANG_WARN_COMMA = YES;
				CLANG_WARN_CONSTANT_CONVERSION = YES;
				CLANG_WARN_DEPRECATED_OBJC_IMPLEMENTATIONS = YES;
				CLANG_WARN_DIRECT_OBJC_ISA_USAGE = YES_ERROR;
				CLANG_WARN_DOCUMENTATION_COMMENTS = YES;
				CLANG_WARN_EMPTY_BODY = YES;
				CLANG_WARN_ENUM_CONVERSION = YES;
				CLANG_WARN_INFINITE_RECURSION = YES;
				CLANG_WARN_INT_CONVERSION = YES;
				CLANG_WARN_NON_LITERAL_NULL_CONVERSION = YES;
				CLANG_WARN_OBJC_IMPLICIT_RETAIN_SELF = YES;
				CLANG_WARN_OBJC_LITERAL_CONVERSION = YES;
				CLANG_WARN_OBJC_ROOT_CLASS = YES_ERROR;
				CLANG_WARN_QUOTED_INCLUDE_IN_FRAMEWORK_HEADER = YES;
				CLANG_WARN_RANGE_LOOP_ANALYSIS = YES;
				CLANG_WARN_STRICT_PROTOTYPES = YES;
				CLANG_WARN_SUSPICIOUS_MOVE = YES;
				CLANG_WARN_UNGUARDED_AVAILABILITY = YES_AGGRESSIVE;
				CLANG_WARN_UNREACHABLE_CODE = YES;
				CLANG_WARN__DUPLICATE_METHOD_MATCH = YES;
				COPY_PHASE_STRIP = NO;
				DEBUG_INFORMATION_FORMAT = dwarf;
				ENABLE_STRICT_OBJC_MSGSEND = YES;
				ENABLE_TESTABILITY = YES;
				GCC_C_LANGUAGE_STANDARD = gnu11;
				GCC_DYNAMIC_NO_PIC = NO;
				GCC_NO_COMMON_BLOCKS = YES;
				GCC_OPTIMIZATION_LEVEL = 0;
				GCC_PREPROCESSOR_DEFINITIONS = (
					"DEBUG=1",
					"$(inherited)",
				);
				GCC_WARN_64_TO_32_BIT_CONVERSION = YES;
				GCC_WARN_ABOUT_RETURN_TYPE = YES_ERROR;
				GCC_WARN_UNDECLARED_SELECTOR = YES;
				GCC_WARN_UNINITIALIZED_AUTOS = YES_AGGRESSIVE;
				GCC_WARN_UNUSED_FUNCTION = YES;
				GCC_WARN_UNUSED_VARIABLE = YES;
				IPHONEOS_DEPLOYMENT_TARGET = 16.4;
				MTL_ENABLE_DEBUG_INFO = INCLUDE_SOURCE;
				MTL_FAST_MATH = YES;
				ONLY_ACTIVE_ARCH = YES;
				SDKROOT = iphoneos;
				SWIFT_ACTIVE_COMPILATION_CONDITIONS = DEBUG;
				SWIFT_OPTIMIZATION_LEVEL = "-Onone";
			};
			name = Debug;
		};
		3B497C672A79B0F1008DB50E /* Release */ = {
			isa = XCBuildConfiguration;
			buildSettings = {
				ALWAYS_SEARCH_USER_PATHS = NO;
				CLANG_ANALYZER_NONNULL = YES;
				CLANG_ANALYZER_NUMBER_OBJECT_CONVERSION = YES_AGGRESSIVE;
				CLANG_CXX_LANGUAGE_STANDARD = "gnu++20";
				CLANG_ENABLE_MODULES = YES;
				CLANG_ENABLE_OBJC_ARC = YES;
				CLANG_ENABLE_OBJC_WEAK = YES;
				CLANG_WARN_BLOCK_CAPTURE_AUTORELEASING = YES;
				CLANG_WARN_BOOL_CONVERSION = YES;
				CLANG_WARN_COMMA = YES;
				CLANG_WARN_CONSTANT_CONVERSION = YES;
				CLANG_WARN_DEPRECATED_OBJC_IMPLEMENTATIONS = YES;
				CLANG_WARN_DIRECT_OBJC_ISA_USAGE = YES_ERROR;
				CLANG_WARN_DOCUMENTATION_COMMENTS = YES;
				CLANG_WARN_EMPTY_BODY = YES;
				CLANG_WARN_ENUM_CONVERSION = YES;
				CLANG_WARN_INFINITE_RECURSION = YES;
				CLANG_WARN_INT_CONVERSION = YES;
				CLANG_WARN_NON_LITERAL_NULL_CONVERSION = YES;
				CLANG_WARN_OBJC_IMPLICIT_RETAIN_SELF = YES;
				CLANG_WARN_OBJC_LITERAL_CONVERSION = YES;
				CLANG_WARN_OBJC_ROOT_CLASS = YES_ERROR;
				CLANG_WARN_QUOTED_INCLUDE_IN_FRAMEWORK_HEADER = YES;
				CLANG_WARN_RANGE_LOOP_ANALYSIS = YES;
				CLANG_WARN_STRICT_PROTOTYPES = YES;
				CLANG_WARN_SUSPICIOUS_MOVE = YES;
				CLANG_WARN_UNGUARDED_AVAILABILITY = YES_AGGRESSIVE;
				CLANG_WARN_UNREACHABLE_CODE = YES;
				CLANG_WARN__DUPLICATE_METHOD_MATCH = YES;
				COPY_PHASE_STRIP = NO;
				DEBUG_INFORMATION_FORMAT = "dwarf-with-dsym";
				ENABLE_NS_ASSERTIONS = NO;
				ENABLE_STRICT_OBJC_MSGSEND = YES;
				GCC_C_LANGUAGE_STANDARD = gnu11;
				GCC_NO_COMMON_BLOCKS = YES;
				GCC_WARN_64_TO_32_BIT_CONVERSION = YES;
				GCC_WARN_ABOUT_RETURN_TYPE = YES_ERROR;
				GCC_WARN_UNDECLARED_SELECTOR = YES;
				GCC_WARN_UNINITIALIZED_AUTOS = YES_AGGRESSIVE;
				GCC_WARN_UNUSED_FUNCTION = YES;
				GCC_WARN_UNUSED_VARIABLE = YES;
				IPHONEOS_DEPLOYMENT_TARGET = 16.4;
				MTL_ENABLE_DEBUG_INFO = NO;
				MTL_FAST_MATH = YES;
				SDKROOT = iphoneos;
				SWIFT_COMPILATION_MODE = wholemodule;
				SWIFT_OPTIMIZATION_LEVEL = "-O";
				VALIDATE_PRODUCT = YES;
			};
			name = Release;
		};
		3B497C692A79B0F1008DB50E /* Debug */ = {
			isa = XCBuildConfiguration;
			buildSettings = {
				ASSETCATALOG_COMPILER_APPICON_NAME = AppIcon;
				ASSETCATALOG_COMPILER_GLOBAL_ACCENT_COLOR_NAME = AccentColor;
				CODE_SIGN_STYLE = Automatic;
				CURRENT_PROJECT_VERSION = 1;
				DEVELOPMENT_ASSET_PATHS = "\"STEM Playground/Preview Content\"";
				ENABLE_PREVIEWS = YES;
				GENERATE_INFOPLIST_FILE = YES;
				INFOPLIST_FILE = "STEM-Playground-Info.plist";
				INFOPLIST_KEY_UIApplicationSceneManifest_Generation = YES;
				INFOPLIST_KEY_UIApplicationSupportsIndirectInputEvents = YES;
				INFOPLIST_KEY_UILaunchScreen_Generation = YES;
				INFOPLIST_KEY_UISupportedInterfaceOrientations_iPad = "UIInterfaceOrientationPortrait UIInterfaceOrientationPortraitUpsideDown UIInterfaceOrientationLandscapeLeft UIInterfaceOrientationLandscapeRight";
				INFOPLIST_KEY_UISupportedInterfaceOrientations_iPhone = "UIInterfaceOrientationPortrait UIInterfaceOrientationLandscapeLeft UIInterfaceOrientationLandscapeRight";
				LD_RUNPATH_SEARCH_PATHS = (
					"$(inherited)",
					"@executable_path/Frameworks",
				);
				MARKETING_VERSION = 1.0;
				PRODUCT_BUNDLE_IDENTIFIER = "KWK.STEM-Playground";
				PRODUCT_NAME = "$(TARGET_NAME)";
				SWIFT_EMIT_LOC_STRINGS = YES;
				SWIFT_VERSION = 5.0;
				TARGETED_DEVICE_FAMILY = "1,2";
			};
			name = Debug;
		};
		3B497C6A2A79B0F1008DB50E /* Release */ = {
			isa = XCBuildConfiguration;
			buildSettings = {
				ASSETCATALOG_COMPILER_APPICON_NAME = AppIcon;
				ASSETCATALOG_COMPILER_GLOBAL_ACCENT_COLOR_NAME = AccentColor;
				CODE_SIGN_STYLE = Automatic;
				CURRENT_PROJECT_VERSION = 1;
				DEVELOPMENT_ASSET_PATHS = "\"STEM Playground/Preview Content\"";
				ENABLE_PREVIEWS = YES;
				GENERATE_INFOPLIST_FILE = YES;
				INFOPLIST_FILE = "STEM-Playground-Info.plist";
				INFOPLIST_KEY_UIApplicationSceneManifest_Generation = YES;
				INFOPLIST_KEY_UIApplicationSupportsIndirectInputEvents = YES;
				INFOPLIST_KEY_UILaunchScreen_Generation = YES;
				INFOPLIST_KEY_UISupportedInterfaceOrientations_iPad = "UIInterfaceOrientationPortrait UIInterfaceOrientationPortraitUpsideDown UIInterfaceOrientationLandscapeLeft UIInterfaceOrientationLandscapeRight";
				INFOPLIST_KEY_UISupportedInterfaceOrientations_iPhone = "UIInterfaceOrientationPortrait UIInterfaceOrientationLandscapeLeft UIInterfaceOrientationLandscapeRight";
				LD_RUNPATH_SEARCH_PATHS = (
					"$(inherited)",
					"@executable_path/Frameworks",
				);
				MARKETING_VERSION = 1.0;
				PRODUCT_BUNDLE_IDENTIFIER = "KWK.STEM-Playground";
				PRODUCT_NAME = "$(TARGET_NAME)";
				SWIFT_EMIT_LOC_STRINGS = YES;
				SWIFT_VERSION = 5.0;
				TARGETED_DEVICE_FAMILY = "1,2";
			};
			name = Release;
		};
/* End XCBuildConfiguration section */

/* Begin XCConfigurationList section */
		3B497C552A79B0EE008DB50E /* Build configuration list for PBXProject "STEM Playground" */ = {
			isa = XCConfigurationList;
			buildConfigurations = (
				3B497C662A79B0F1008DB50E /* Debug */,
				3B497C672A79B0F1008DB50E /* Release */,
			);
			defaultConfigurationIsVisible = 0;
			defaultConfigurationName = Release;
		};
		3B497C682A79B0F1008DB50E /* Build configuration list for PBXNativeTarget "STEM Playground" */ = {
			isa = XCConfigurationList;
			buildConfigurations = (
				3B497C692A79B0F1008DB50E /* Debug */,
				3B497C6A2A79B0F1008DB50E /* Release */,
			);
			defaultConfigurationIsVisible = 0;
			defaultConfigurationName = Release;
		};
/* End XCConfigurationList section */
	};
	rootObject = 3B497C522A79B0EE008DB50E /* Project object */;
}
